
Microsoft Visual Studio Solution File, Format Version 12.00
# Visual Studio Version 17
VisualStudioVersion = 17.8.34330.188
MinimumVisualStudioVersion = 10.0.40219.1
Project("{FAE04EC0-301F-11D3-BF4B-00C04F79EFBC}") = "Learning.API", "Learning.API.csproj", "{D7A145ED-0E61-4317-9208-09CFD95E1794}"
EndProject
Global
	GlobalSection(SolutionConfigurationPlatforms) = preSolution
		Debug|Any CPU = Debug|Any CPU
		Release|Any CPU = Release|Any CPU
	EndGlobalSection
	GlobalSection(ProjectConfigurationPlatforms) = postSolution
		{D7A145ED-0E61-4317-9208-09CFD95E1794}.Debug|Any CPU.ActiveCfg = Debug|Any CPU
		{D7A145ED-0E61-4317-9208-09CFD95E1794}.Debug|Any CPU.Build.0 = Debug|Any CPU
		{D7A145ED-0E61-4317-9208-09CFD95E1794}.Release|Any CPU.ActiveCfg = Release|Any CPU
		{D7A145ED-0E61-4317-9208-09CFD95E1794}.Release|Any CPU.Build.0 = Release|Any CPU
	EndGlobalSection
	GlobalSection(SolutionProperties) = preSolution
		HideSolutionNode = FALSE
	EndGlobalSection
	GlobalSection(ExtensibilityGlobals) = postSolution
		SolutionGuid = {56BFBCC6-9428-4A8D-A866-9CBD045E940C}
	EndGlobalSection
EndGlobal
